{
  "version": 4,
  "terraform_version": "1.6.3",
  "serial": 178,
  "lineage": "711eeb29-3c21-21c0-b0b9-4b66673918ed",
  "outputs": {
    "public_ip": {
      "value": "172.161.140.139",
      "type": "string"
    },
    "ssh_command": {
      "value": "ssh firas@172.161.140.139",
      "type": "string"
    }
  },
  "resources": [
    {
      "mode": "managed",
      "type": "azurerm_linux_virtual_machine",
      "name": "main",
      "provider": "provider[\"registry.terraform.io/hashicorp/azurerm\"]",
      "instances": [
        {
          "schema_version": 0,
          "attributes": {
            "additional_capabilities": [],
            "admin_password": "Securinets123.",
            "admin_ssh_key": [],
            "admin_username": "firas",
            "allow_extension_operations": true,
            "availability_set_id": "",
            "boot_diagnostics": [],
            "bypass_platform_safety_checks_on_user_schedule_enabled": false,
            "capacity_reservation_group_id": "",
            "computer_name": "ctfd-vm",
            "custom_data": "IyAjY2xvdWQtY29uZmlnCgojIHBhY2thZ2VfdXBkYXRlOiB0cnVlCiMgcGFja2FnZV91cGdyYWRlOiB0cnVlCiMgcGFja2FnZXM6CiMgICAtIGdpdAoKIyBydW5jbWQ6CiMgICAjIEluc3RhbGwgRG9ja2VyIHVzaW5nIG9mZmljaWFsIHNjcmlwdCAoYWx3YXlzIHdvcmtzIG9uIEF6dXJlKQojICAgLSBjdXJsIC1mc1NMIGh0dHBzOi8vZ2V0LmRvY2tlci5jb20gLW8gZ2V0LWRvY2tlci5zaAojICAgLSBzaCBnZXQtZG9ja2VyLnNoCgojICAgIyBFbmFibGUgZG9ja2VyIHNlcnZpY2UKIyAgIC0gc3lzdGVtY3RsIGVuYWJsZSBkb2NrZXIKIyAgIC0gc3lzdGVtY3RsIHN0YXJ0IGRvY2tlcgoKIyAgICMgQWRkICJmaXJhcyIgdXNlciB0byBkb2NrZXIgZ3JvdXAKIyAgIC0gdXNlcm1vZCAtYUcgZG9ja2VyIGZpcmFzIHx8IHRydWUKCiMgICAjIENsb25lIENURmQKIyAgIC0gZ2l0IGNsb25lIGh0dHBzOi8vZ2l0aHViLmNvbS9DVEZkL0NURmQuZ2l0IC9vcHQvQ1RGZCB8fCB0cnVlCiMgICAtIGNobW9kIC1SIDc1NSAvb3B0L0NURmQKIyAgIC0gY2hvd24gLVIgZmlyYXM6ZmlyYXMgL29wdC9DVEZkCiMgICAtIGNkIC9vcHQvQ1RGZAojICAgIyBSdW4gQ1RGZCB1c2luZyBEb2NrZXIKIyAgIC0gYXB0LWdldCBpbnN0YWxsIC15IGRvY2tlci1jb21wb3NlLXBsdWdpbgojICAgLSBzdWRvIC11IGZpcmFzIGRvY2tlci1jb21wb3NlIHVwIC0tYnVpbGQgLWQKCgoKI2Nsb3VkLWNvbmZpZwoKcGFja2FnZV91cGRhdGU6IHRydWUKcGFja2FnZV91cGdyYWRlOiB0cnVlCgpwYWNrYWdlczoKICAtIGdpdAogIC0gY3VybAoKcnVuY21kOgogICMgSW5zdGFsbCBEb2NrZXIgdXNpbmcgb2ZmaWNpYWwgc2NyaXB0CiAgLSBjdXJsIC1mc1NMIGh0dHBzOi8vZ2V0LmRvY2tlci5jb20gLW8gL3RtcC9nZXQtZG9ja2VyLnNoCiAgLSBzaCAvdG1wL2dldC1kb2NrZXIuc2gKICAtIHJtIC90bXAvZ2V0LWRvY2tlci5zaAogIAogICMgSW5zdGFsbCBEb2NrZXIgQ29tcG9zZSBwbHVnaW4gKG1vZGVybiB3YXkpCiAgLSBhcHQtZ2V0IGluc3RhbGwgLXkgZG9ja2VyLWNvbXBvc2UtcGx1Z2luCiAgCiAgIyBFbmFibGUgYW5kIHN0YXJ0IERvY2tlciBzZXJ2aWNlCiAgLSBzeXN0ZW1jdGwgZW5hYmxlIGRvY2tlcgogIC0gc3lzdGVtY3RsIHN0YXJ0IGRvY2tlcgogIAogICMgQWRkIGFkbWluIHVzZXIgdG8gZG9ja2VyIGdyb3VwCiAgLSB1c2VybW9kIC1hRyBkb2NrZXIgZmlyYXMKICAKICAjIENsb25lIENURmQgcmVwb3NpdG9yeQogIC0gZ2l0IGNsb25lIGh0dHBzOi8vZ2l0aHViLmNvbS9DVEZkL0NURmQuZ2l0IC9vcHQvQ1RGZAogIAogICMgU2V0IHByb3BlciBwZXJtaXNzaW9ucwogIC0gY2hvd24gLVIgZmlyYXM6ZmlyYXMgL29wdC9DVEZkCiAgLSBjaG1vZCAtUiA3NTUgL29wdC9DVEZkCiAgCiAgIyBXYWl0IGZvciBEb2NrZXIgdG8gYmUgcmVhZHkKICAtIHNsZWVwIDEwCiAgCiAgIyBTdGFydCBDVEZkIHVzaW5nIERvY2tlciBDb21wb3NlIChub3RlOiBubyBoeXBoZW4sIHNwYWNlIGluc3RlYWQpCiAgLSBjZCAvb3B0L0NURmQgJiYgc3VkbyAtdSBmaXJhcyBkb2NrZXIgY29tcG9zZSB1cCAtZAogIAogICMgQ3JlYXRlIHN5c3RlbWQgc2VydmljZSBmb3IgYXV0by1zdGFydCBvbiByZWJvb3QKICAtIHwKICAgIGNhdCA+IC9ldGMvc3lzdGVtZC9zeXN0ZW0vY3RmZC5zZXJ2aWNlIDw8J0VPRicKICAgIFtVbml0XQogICAgRGVzY3JpcHRpb249Q1RGZCBQbGF0Zm9ybQogICAgUmVxdWlyZXM9ZG9ja2VyLnNlcnZpY2UKICAgIEFmdGVyPWRvY2tlci5zZXJ2aWNlCiAgICAKICAgIFtTZXJ2aWNlXQogICAgVHlwZT1vbmVzaG90CiAgICBSZW1haW5BZnRlckV4aXQ9eWVzCiAgICBXb3JraW5nRGlyZWN0b3J5PS9vcHQvQ1RGZAogICAgRXhlY1N0YXJ0PS91c3IvYmluL2RvY2tlciBjb21wb3NlIHVwIC1kCiAgICBFeGVjU3RvcD0vdXNyL2Jpbi9kb2NrZXIgY29tcG9zZSBkb3duCiAgICBVc2VyPWZpcmFzCiAgICAKICAgIFtJbnN0YWxsXQogICAgV2FudGVkQnk9bXVsdGktdXNlci50YXJnZXQKICAgIEVPRgogIAogICMgRW5hYmxlIENURmQgc2VydmljZQogIC0gc3lzdGVtY3RsIGRhZW1vbi1yZWxvYWQKICAtIHN5c3RlbWN0bCBlbmFibGUgY3RmZC5zZXJ2aWNlCgojIE9wdGlvbmFsOiBXcml0ZSBjb21wbGV0aW9uIG1hcmtlcgp3cml0ZV9maWxlczoKICAtIHBhdGg6IC9ldGMvY3RmZC1kZXBsb3ltZW50LWNvbXBsZXRlCiAgICBjb250ZW50OiB8CiAgICAgIENURmQgZGVwbG95bWVudCBjb21wbGV0ZWQgYXQgJChkYXRlKQogICAgICBBY2Nlc3MgQ1RGZCBhdDogaHR0cDovLyQoY3VybCAtcyBodHRwOi8vMTY5LjI1NC4xNjkuMjU0L21ldGFkYXRhL2luc3RhbmNlL25ldHdvcmsvaW50ZXJmYWNlLzAvaXB2NC9pcEFkZHJlc3MvMC9wdWJsaWNJcEFkZHJlc3M/YXBpLXZlcnNpb249MjAyMS0wMi0wMSAtSCBNZXRhZGF0YTp0cnVlKS86ODAwMAogICAgcGVybWlzc2lvbnM6ICcwNjQ0JwoKZmluYWxfbWVzc2FnZTogfAogID09PT09PT09PT09PT09PT09PT09PT09PT09PT09PT09PT09PT09PT09PT09CiAgQ1RGZCBJbnN0YWxsYXRpb24gQ29tcGxldGUhCiAgPT09PT09PT09PT09PT09PT09PT09PT09PT09PT09PT09PT09PT09PT09PT0KICAKICBDVEZkIGlzIHJ1bm5pbmcgYXQ6IGh0dHA6Ly9ZT1VSX0lQOjgwMDAKICAKICBUbyBjaGVjayBzdGF0dXM6CiAgICBzdWRvIHN5c3RlbWN0bCBzdGF0dXMgY3RmZAogIAogIFRvIHZpZXcgbG9nczoKICAgIGNkIC9vcHQvQ1RGZCAmJiBkb2NrZXIgY29tcG9zZSBsb2dzIC1mCiAgCiAgVG8gcmVzdGFydDoKICAgIHN1ZG8gc3lzdGVtY3RsIHJlc3RhcnQgY3RmZAogIAogIEZpcnN0LXRpbWUgc2V0dXA6CiAgICBWaXNpdCBodHRwOi8vWU9VUl9JUDo4MDAwIGFuZCBjb21wbGV0ZSB0aGUgc2V0dXAgd2l6YXJkCiAgCiAgPT09PT09PT09PT09PT09PT09PT09PT09PT09PT09PT09PT09PT09PT09PT0K",
            "dedicated_host_group_id": "",
            "dedicated_host_id": "",
            "disable_password_authentication": false,
            "disk_controller_type": "",
            "edge_zone": "",
            "encryption_at_host_enabled": false,
            "eviction_policy": "",
            "extensions_time_budget": "PT1H30M",
            "gallery_application": [],
            "id": "/subscriptions/0ce54a10-0b7a-4d5b-92cc-01379fa0c62c/resourceGroups/ctfd-rg/providers/Microsoft.Compute/virtualMachines/ctfd-vm",
            "identity": [],
            "license_type": "",
            "location": "switzerlandnorth",
            "max_bid_price": -1,
            "name": "ctfd-vm",
            "network_interface_ids": [
              "/subscriptions/0ce54a10-0b7a-4d5b-92cc-01379fa0c62c/resourceGroups/ctfd-rg/providers/Microsoft.Network/networkInterfaces/ctfd-nic"
            ],
            "os_disk": [
              {
                "caching": "ReadWrite",
                "diff_disk_settings": [],
                "disk_encryption_set_id": "",
                "disk_size_gb": 30,
                "name": "ctfd-vm_OsDisk_1_157b4c2fbf7047409390dac998ed237e",
                "secure_vm_disk_encryption_set_id": "",
                "security_encryption_type": "",
                "storage_account_type": "Standard_LRS",
                "write_accelerator_enabled": false
              }
            ],
            "os_image_notification": [],
            "patch_assessment_mode": "ImageDefault",
            "patch_mode": "ImageDefault",
            "plan": [],
            "platform_fault_domain": -1,
            "priority": "Regular",
            "private_ip_address": "10.0.1.4",
            "private_ip_addresses": [
              "10.0.1.4"
            ],
            "provision_vm_agent": true,
            "proximity_placement_group_id": "",
            "public_ip_address": "172.161.140.139",
            "public_ip_addresses": [
              "172.161.140.139"
            ],
            "reboot_setting": "",
            "resource_group_name": "ctfd-rg",
            "secret": [],
            "secure_boot_enabled": false,
            "size": "Standard_B2s",
            "source_image_id": "",
            "source_image_reference": [
              {
                "offer": "0001-com-ubuntu-server-jammy",
                "publisher": "Canonical",
                "sku": "22_04-lts",
                "version": "latest"
              }
            ],
            "tags": null,
            "termination_notification": null,
            "timeouts": null,
            "user_data": "",
            "virtual_machine_id": "3bc8c0e4-7932-451f-90c4-d9111709aa90",
            "virtual_machine_scale_set_id": "",
            "vm_agent_platform_updates_enabled": false,
            "vtpm_enabled": false,
            "zone": ""
          },
          "sensitive_attributes": [
            [
              {
                "type": "get_attr",
                "value": "admin_password"
              }
            ]
          ],
          "private": "eyJlMmJmYjczMC1lY2FhLTExZTYtOGY4OC0zNDM2M2JjN2M0YzAiOnsiY3JlYXRlIjoyNzAwMDAwMDAwMDAwLCJkZWxldGUiOjI3MDAwMDAwMDAwMDAsInJlYWQiOjMwMDAwMDAwMDAwMCwidXBkYXRlIjoyNzAwMDAwMDAwMDAwfX0=",
          "dependencies": [
            "azurerm_network_interface.main",
            "azurerm_public_ip.main",
            "azurerm_resource_group.main",
            "azurerm_subnet.main",
            "azurerm_virtual_network.main"
          ]
        }
      ]
    },
    {
      "mode": "managed",
      "type": "azurerm_network_interface",
      "name": "main",
      "provider": "provider[\"registry.terraform.io/hashicorp/azurerm\"]",
      "instances": [
        {
          "schema_version": 0,
          "attributes": {
            "accelerated_networking_enabled": false,
            "applied_dns_servers": [],
            "auxiliary_mode": "",
            "auxiliary_sku": "",
            "dns_servers": [],
            "edge_zone": "",
            "enable_accelerated_networking": false,
            "enable_ip_forwarding": false,
            "id": "/subscriptions/0ce54a10-0b7a-4d5b-92cc-01379fa0c62c/resourceGroups/ctfd-rg/providers/Microsoft.Network/networkInterfaces/ctfd-nic",
            "internal_dns_name_label": "",
            "internal_domain_name_suffix": "a0pi5oq15dfejlxdxmkfg2lebe.zrhx.internal.cloudapp.net",
            "ip_configuration": [
              {
                "gateway_load_balancer_frontend_ip_configuration_id": "",
                "name": "internal",
                "primary": true,
                "private_ip_address": "10.0.1.4",
                "private_ip_address_allocation": "Dynamic",
                "private_ip_address_version": "IPv4",
                "public_ip_address_id": "/subscriptions/0ce54a10-0b7a-4d5b-92cc-01379fa0c62c/resourceGroups/ctfd-rg/providers/Microsoft.Network/publicIPAddresses/ctfd-public-ip",
                "subnet_id": "/subscriptions/0ce54a10-0b7a-4d5b-92cc-01379fa0c62c/resourceGroups/ctfd-rg/providers/Microsoft.Network/virtualNetworks/ctfd-vnet/subnets/ctfd-subnet"
              }
            ],
            "ip_forwarding_enabled": false,
            "location": "switzerlandnorth",
            "mac_address": "7C-ED-8D-43-00-46",
            "name": "ctfd-nic",
            "private_ip_address": "10.0.1.4",
            "private_ip_addresses": [
              "10.0.1.4"
            ],
            "resource_group_name": "ctfd-rg",
            "tags": {},
            "timeouts": null,
            "virtual_machine_id": "/subscriptions/0ce54a10-0b7a-4d5b-92cc-01379fa0c62c/resourceGroups/ctfd-rg/providers/Microsoft.Compute/virtualMachines/ctfd-vm"
          },
          "sensitive_attributes": [],
          "private": "eyJlMmJmYjczMC1lY2FhLTExZTYtOGY4OC0zNDM2M2JjN2M0YzAiOnsiY3JlYXRlIjoxODAwMDAwMDAwMDAwLCJkZWxldGUiOjE4MDAwMDAwMDAwMDAsInJlYWQiOjMwMDAwMDAwMDAwMCwidXBkYXRlIjoxODAwMDAwMDAwMDAwfX0=",
          "dependencies": [
            "azurerm_public_ip.main",
            "azurerm_resource_group.main",
            "azurerm_subnet.main",
            "azurerm_virtual_network.main"
          ]
        }
      ]
    },
    {
      "mode": "managed",
      "type": "azurerm_network_interface_security_group_association",
      "name": "main",
      "provider": "provider[\"registry.terraform.io/hashicorp/azurerm\"]",
      "instances": [
        {
          "schema_version": 0,
          "attributes": {
            "id": "/subscriptions/0ce54a10-0b7a-4d5b-92cc-01379fa0c62c/resourceGroups/ctfd-rg/providers/Microsoft.Network/networkInterfaces/ctfd-nic|/subscriptions/0ce54a10-0b7a-4d5b-92cc-01379fa0c62c/resourceGroups/ctfd-rg/providers/Microsoft.Network/networkSecurityGroups/ctfd-nsg",
            "network_interface_id": "/subscriptions/0ce54a10-0b7a-4d5b-92cc-01379fa0c62c/resourceGroups/ctfd-rg/providers/Microsoft.Network/networkInterfaces/ctfd-nic",
            "network_security_group_id": "/subscriptions/0ce54a10-0b7a-4d5b-92cc-01379fa0c62c/resourceGroups/ctfd-rg/providers/Microsoft.Network/networkSecurityGroups/ctfd-nsg",
            "timeouts": null
          },
          "sensitive_attributes": [],
          "private": "eyJlMmJmYjczMC1lY2FhLTExZTYtOGY4OC0zNDM2M2JjN2M0YzAiOnsiY3JlYXRlIjoxODAwMDAwMDAwMDAwLCJkZWxldGUiOjE4MDAwMDAwMDAwMDAsInJlYWQiOjMwMDAwMDAwMDAwMH19",
          "dependencies": [
            "azurerm_network_interface.main",
            "azurerm_network_security_group.main",
            "azurerm_public_ip.main",
            "azurerm_resource_group.main",
            "azurerm_subnet.main",
            "azurerm_virtual_network.main"
          ]
        }
      ]
    },
    {
      "mode": "managed",
      "type": "azurerm_network_security_group",
      "name": "main",
      "provider": "provider[\"registry.terraform.io/hashicorp/azurerm\"]",
      "instances": [
        {
          "schema_version": 0,
          "attributes": {
            "id": "/subscriptions/0ce54a10-0b7a-4d5b-92cc-01379fa0c62c/resourceGroups/ctfd-rg/providers/Microsoft.Network/networkSecurityGroups/ctfd-nsg",
            "location": "switzerlandnorth",
            "name": "ctfd-nsg",
            "resource_group_name": "ctfd-rg",
            "security_rule": [
              {
                "access": "Allow",
                "description": "",
                "destination_address_prefix": "*",
                "destination_address_prefixes": [],
                "destination_application_security_group_ids": [],
                "destination_port_range": "22",
                "destination_port_ranges": [],
                "direction": "Inbound",
                "name": "SSH",
                "priority": 1001,
                "protocol": "Tcp",
                "source_address_prefix": "*",
                "source_address_prefixes": [],
                "source_application_security_group_ids": [],
                "source_port_range": "*",
                "source_port_ranges": []
              },
              {
                "access": "Allow",
                "description": "",
                "destination_address_prefix": "*",
                "destination_address_prefixes": [],
                "destination_application_security_group_ids": [],
                "destination_port_range": "443",
                "destination_port_ranges": [],
                "direction": "Inbound",
                "name": "HTTPS",
                "priority": 1003,
                "protocol": "Tcp",
                "source_address_prefix": "*",
                "source_address_prefixes": [],
                "source_application_security_group_ids": [],
                "source_port_range": "*",
                "source_port_ranges": []
              },
              {
                "access": "Allow",
                "description": "",
                "destination_address_prefix": "*",
                "destination_address_prefixes": [],
                "destination_application_security_group_ids": [],
                "destination_port_range": "80",
                "destination_port_ranges": [],
                "direction": "Inbound",
                "name": "HTTP",
                "priority": 1002,
                "protocol": "Tcp",
                "source_address_prefix": "*",
                "source_address_prefixes": [],
                "source_application_security_group_ids": [],
                "source_port_range": "*",
                "source_port_ranges": []
              },
              {
                "access": "Allow",
                "description": "",
                "destination_address_prefix": "*",
                "destination_address_prefixes": [],
                "destination_application_security_group_ids": [],
                "destination_port_range": "8000-8100",
                "destination_port_ranges": [],
                "direction": "Inbound",
                "name": "CTF-Challenge-Ports",
                "priority": 2000,
                "protocol": "Tcp",
                "source_address_prefix": "*",
                "source_address_prefixes": [],
                "source_application_security_group_ids": [],
                "source_port_range": "*",
                "source_port_ranges": []
              }
            ],
            "tags": {},
            "timeouts": null
          },
          "sensitive_attributes": [],
          "private": "eyJlMmJmYjczMC1lY2FhLTExZTYtOGY4OC0zNDM2M2JjN2M0YzAiOnsiY3JlYXRlIjoxODAwMDAwMDAwMDAwLCJkZWxldGUiOjE4MDAwMDAwMDAwMDAsInJlYWQiOjMwMDAwMDAwMDAwMCwidXBkYXRlIjoxODAwMDAwMDAwMDAwfX0=",
          "dependencies": [
            "azurerm_resource_group.main"
          ]
        }
      ]
    },
    {
      "mode": "managed",
      "type": "azurerm_network_watcher",
      "name": "main",
      "provider": "provider[\"registry.terraform.io/hashicorp/azurerm\"]",
      "instances": [
        {
          "schema_version": 0,
          "attributes": {
            "id": "/subscriptions/0ce54a10-0b7a-4d5b-92cc-01379fa0c62c/resourceGroups/ctfd-rg/providers/Microsoft.Network/networkWatchers/NetworkWatcher_switzerlandnorth",
            "location": "switzerlandnorth",
            "name": "NetworkWatcher_switzerlandnorth",
            "resource_group_name": "ctfd-rg",
            "tags": {},
            "timeouts": null
          },
          "sensitive_attributes": [],
          "private": "eyJlMmJmYjczMC1lY2FhLTExZTYtOGY4OC0zNDM2M2JjN2M0YzAiOnsiY3JlYXRlIjoxODAwMDAwMDAwMDAwLCJkZWxldGUiOjE4MDAwMDAwMDAwMDAsInJlYWQiOjMwMDAwMDAwMDAwMCwidXBkYXRlIjoxODAwMDAwMDAwMDAwfX0=",
          "dependencies": [
            "azurerm_resource_group.main"
          ]
        }
      ]
    },
    {
      "mode": "managed",
      "type": "azurerm_public_ip",
      "name": "main",
      "provider": "provider[\"registry.terraform.io/hashicorp/azurerm\"]",
      "instances": [
        {
          "schema_version": 0,
          "attributes": {
            "allocation_method": "Static",
            "ddos_protection_mode": "VirtualNetworkInherited",
            "ddos_protection_plan_id": null,
            "domain_name_label": null,
            "edge_zone": "",
            "fqdn": null,
            "id": "/subscriptions/0ce54a10-0b7a-4d5b-92cc-01379fa0c62c/resourceGroups/ctfd-rg/providers/Microsoft.Network/publicIPAddresses/ctfd-public-ip",
            "idle_timeout_in_minutes": 4,
            "ip_address": "172.161.140.139",
            "ip_tags": {},
            "ip_version": "IPv4",
            "location": "switzerlandnorth",
            "name": "ctfd-public-ip",
            "public_ip_prefix_id": null,
            "resource_group_name": "ctfd-rg",
            "reverse_fqdn": null,
            "sku": "Standard",
            "sku_tier": "Regional",
            "tags": {},
            "timeouts": null,
            "zones": []
          },
          "sensitive_attributes": [],
          "private": "eyJlMmJmYjczMC1lY2FhLTExZTYtOGY4OC0zNDM2M2JjN2M0YzAiOnsiY3JlYXRlIjoxODAwMDAwMDAwMDAwLCJkZWxldGUiOjE4MDAwMDAwMDAwMDAsInJlYWQiOjMwMDAwMDAwMDAwMCwidXBkYXRlIjoxODAwMDAwMDAwMDAwfX0=",
          "dependencies": [
            "azurerm_resource_group.main"
          ]
        }
      ]
    },
    {
      "mode": "managed",
      "type": "azurerm_resource_group",
      "name": "main",
      "provider": "provider[\"registry.terraform.io/hashicorp/azurerm\"]",
      "instances": [
        {
          "schema_version": 0,
          "attributes": {
            "id": "/subscriptions/0ce54a10-0b7a-4d5b-92cc-01379fa0c62c/resourceGroups/ctfd-rg",
            "location": "switzerlandnorth",
            "managed_by": "",
            "name": "ctfd-rg",
            "tags": {},
            "timeouts": null
          },
          "sensitive_attributes": [],
          "private": "eyJlMmJmYjczMC1lY2FhLTExZTYtOGY4OC0zNDM2M2JjN2M0YzAiOnsiY3JlYXRlIjo1NDAwMDAwMDAwMDAwLCJkZWxldGUiOjU0MDAwMDAwMDAwMDAsInJlYWQiOjMwMDAwMDAwMDAwMCwidXBkYXRlIjo1NDAwMDAwMDAwMDAwfX0="
        }
      ]
    },
    {
      "mode": "managed",
      "type": "azurerm_subnet",
      "name": "main",
      "provider": "provider[\"registry.terraform.io/hashicorp/azurerm\"]",
      "instances": [
        {
          "schema_version": 0,
          "attributes": {
            "address_prefixes": [
              "10.0.1.0/24"
            ],
            "default_outbound_access_enabled": true,
            "delegation": [],
            "enforce_private_link_endpoint_network_policies": false,
            "enforce_private_link_service_network_policies": false,
            "id": "/subscriptions/0ce54a10-0b7a-4d5b-92cc-01379fa0c62c/resourceGroups/ctfd-rg/providers/Microsoft.Network/virtualNetworks/ctfd-vnet/subnets/ctfd-subnet",
            "name": "ctfd-subnet",
            "private_endpoint_network_policies": "Enabled",
            "private_endpoint_network_policies_enabled": true,
            "private_link_service_network_policies_enabled": true,
            "resource_group_name": "ctfd-rg",
            "service_endpoint_policy_ids": [],
            "service_endpoints": [],
            "timeouts": null,
            "virtual_network_name": "ctfd-vnet"
          },
          "sensitive_attributes": [],
          "private": "eyJlMmJmYjczMC1lY2FhLTExZTYtOGY4OC0zNDM2M2JjN2M0YzAiOnsiY3JlYXRlIjoxODAwMDAwMDAwMDAwLCJkZWxldGUiOjE4MDAwMDAwMDAwMDAsInJlYWQiOjMwMDAwMDAwMDAwMCwidXBkYXRlIjoxODAwMDAwMDAwMDAwfX0=",
          "dependencies": [
            "azurerm_resource_group.main",
            "azurerm_virtual_network.main"
          ]
        }
      ]
    },
    {
      "mode": "managed",
      "type": "azurerm_virtual_network",
      "name": "main",
      "provider": "provider[\"registry.terraform.io/hashicorp/azurerm\"]",
      "instances": [
        {
          "schema_version": 0,
          "attributes": {
            "address_space": [
              "10.0.0.0/16"
            ],
            "bgp_community": "",
            "ddos_protection_plan": [],
            "dns_servers": [],
            "edge_zone": "",
            "encryption": [],
            "flow_timeout_in_minutes": 0,
            "guid": "ba8f9e06-f81b-44ca-aee3-bb145371640c",
            "id": "/subscriptions/0ce54a10-0b7a-4d5b-92cc-01379fa0c62c/resourceGroups/ctfd-rg/providers/Microsoft.Network/virtualNetworks/ctfd-vnet",
            "location": "switzerlandnorth",
            "name": "ctfd-vnet",
            "resource_group_name": "ctfd-rg",
            "subnet": [
              {
                "address_prefix": "10.0.1.0/24",
                "id": "/subscriptions/0ce54a10-0b7a-4d5b-92cc-01379fa0c62c/resourceGroups/ctfd-rg/providers/Microsoft.Network/virtualNetworks/ctfd-vnet/subnets/ctfd-subnet",
                "name": "ctfd-subnet",
                "security_group": ""
              }
            ],
            "tags": {},
            "timeouts": null
          },
          "sensitive_attributes": [],
          "private": "eyJlMmJmYjczMC1lY2FhLTExZTYtOGY4OC0zNDM2M2JjN2M0YzAiOnsiY3JlYXRlIjoxODAwMDAwMDAwMDAwLCJkZWxldGUiOjE4MDAwMDAwMDAwMDAsInJlYWQiOjMwMDAwMDAwMDAwMCwidXBkYXRlIjoxODAwMDAwMDAwMDAwfX0=",
          "dependencies": [
            "azurerm_resource_group.main"
          ]
        }
      ]
    }
  ],
  "check_results": null
}
